
Microsoft Visual Studio Solution File, Format Version 12.00
# Visual Studio Version 17
VisualStudioVersion = 17.11.35222.181
MinimumVisualStudioVersion = 10.0.40219.1
Project("{FAE04EC0-301F-11D3-BF4B-00C04F79EFBC}") = "Ws-Server-with-gpt", "Ws-Server-with-gpt\Ws-Server-with-gpt.csproj", "{A6F619D0-ED48-4441-B0EA-46800CF49913}"
EndProject
Project("{FAE04EC0-301F-11D3-BF4B-00C04F79EFBC}") = "Ws-Client-with-gpt", "Ws-Client-with-gpt\Ws-Client-with-gpt.csproj", "{13249D7B-5818-48BC-982E-44795E6FFAC2}"
EndProject
Global
	GlobalSection(SolutionConfigurationPlatforms) = preSolution
		Debug|Any CPU = Debug|Any CPU
		Release|Any CPU = Release|Any CPU
	EndGlobalSection
	GlobalSection(ProjectConfigurationPlatforms) = postSolution
		{A6F619D0-ED48-4441-B0EA-46800CF49913}.Debug|Any CPU.ActiveCfg = Debug|Any CPU
		{A6F619D0-ED48-4441-B0EA-46800CF49913}.Debug|Any CPU.Build.0 = Debug|Any CPU
		{A6F619D0-ED48-4441-B0EA-46800CF49913}.Release|Any CPU.ActiveCfg = Release|Any CPU
		{A6F619D0-ED48-4441-B0EA-46800CF49913}.Release|Any CPU.Build.0 = Release|Any CPU
		{13249D7B-5818-48BC-982E-44795E6FFAC2}.Debug|Any CPU.ActiveCfg = Debug|Any CPU
		{13249D7B-5818-48BC-982E-44795E6FFAC2}.Debug|Any CPU.Build.0 = Debug|Any CPU
		{13249D7B-5818-48BC-982E-44795E6FFAC2}.Release|Any CPU.ActiveCfg = Release|Any CPU
		{13249D7B-5818-48BC-982E-44795E6FFAC2}.Release|Any CPU.Build.0 = Release|Any CPU
	EndGlobalSection
	GlobalSection(SolutionProperties) = preSolution
		HideSolutionNode = FALSE
	EndGlobalSection
	GlobalSection(ExtensibilityGlobals) = postSolution
		SolutionGuid = {61046B05-2A02-454F-AEAE-B5A783F55FCB}
	EndGlobalSection
EndGlobal
